// !$*UTF8*$!
{
	archiveVersion = 1;
	classes = {
	};
	objectVersion = 46;
	objects = {

/* Begin PBXBuildFile section */
		18BDE21D1A4D59E600DE4BE8 /* main.m in Sources */ = {isa = PBXBuildFile; fileRef = 18BDE21C1A4D59E600DE4BE8 /* main.m */; };
		18BDE2201A4D59E600DE4BE8 /* AppDelegate.m in Sources */ = {isa = PBXBuildFile; fileRef = 18BDE21F1A4D59E600DE4BE8 /* AppDelegate.m */; };
		18BDE2231A4D59E600DE4BE8 /* ViewController.m in Sources */ = {isa = PBXBuildFile; fileRef = 18BDE2221A4D59E600DE4BE8 /* ViewController.m */; };
		18BDE2261A4D59E600DE4BE8 /* Main.storyboard in Resources */ = {isa = PBXBuildFile; fileRef = 18BDE2241A4D59E600DE4BE8 /* Main.storyboard */; };
		18BDE2281A4D59E600DE4BE8 /* Images.xcassets in Resources */ = {isa = PBXBuildFile; fileRef = 18BDE2271A4D59E600DE4BE8 /* Images.xcassets */; };
		18BDE22B1A4D59E600DE4BE8 /* LaunchScreen.xib in Resources */ = {isa = PBXBuildFile; fileRef = 18BDE2291A4D59E600DE4BE8 /* LaunchScreen.xib */; };
		18BDE2371A4D59E600DE4BE8 /* _7_UIWindowTests.m in Sources */ = {isa = PBXBuildFile; fileRef = 18BDE2361A4D59E600DE4BE8 /* _7_UIWindowTests.m */; };
/* End PBXBuildFile section */

/* Begin PBXContainerItemProxy section */
		18BDE2311A4D59E600DE4BE8 /* PBXContainerItemProxy */ = {
			isa = PBXContainerItemProxy;
			containerPortal = 18BDE20F1A4D59E600DE4BE8 /* Project object */;
			proxyType = 1;
			remoteGlobalIDString = 18BDE2161A4D59E600DE4BE8;
			remoteInfo = 07.UIWindow;
		};
/* End PBXContainerItemProxy section */

/* Begin PBXFileReference section */
		18BDE2171A4D59E600DE4BE8 /* 07.UIWindow.app */ = {isa = PBXFileReference; explicitFileType = wrapper.application; includeInIndex = 0; path = 07.UIWindow.app; sourceTree = BUILT_PRODUCTS_DIR; };
		18BDE21B1A4D59E600DE4BE8 /* Info.plist */ = {isa = PBXFileReference; lastKnownFileType = text.plist.xml; path = Info.plist; sourceTree = "<group>"; };
		18BDE21C1A4D59E600DE4BE8 /* main.m */ = {isa = PBXFileReference; lastKnownFileType = sourcecode.c.objc; path = main.m; sourceTree = "<group>"; };
		18BDE21E1A4D59E600DE4BE8 /* AppDelegate.h */ = {isa = PBXFileReference; lastKnownFileType = sourcecode.c.h; path = AppDelegate.h; sourceTree = "<group>"; };
		18BDE21F1A4D59E600DE4BE8 /* AppDelegate.m */ = {isa = PBXFileReference; lastKnownFileType = sourcecode.c.objc; path = AppDelegate.m; sourceTree = "<group>"; };
		18BDE2211A4D59E600DE4BE8 /* ViewController.h */ = {isa = PBXFileReference; lastKnownFileType = sourcecode.c.h; path = ViewController.h; sourceTree = "<group>"; };
		18BDE2221A4D59E600DE4BE8 /* ViewController.m */ = {isa = PBXFileReference; lastKnownFileType = sourcecode.c.objc; path = ViewController.m; sourceTree = "<group>"; };
		18BDE2251A4D59E600DE4BE8 /* Base */ = {isa = PBXFileReference; lastKnownFileType = file.storyboard; name = Base; path = Base.lproj/Main.storyboard; sourceTree = "<group>"; };
		18BDE2271A4D59E600DE4BE8 /* Images.xcassets */ = {isa = PBXFileReference; lastKnownFileType = folder.assetcatalog; path = Images.xcassets; sourceTree = "<group>"; };
		18BDE22A1A4D59E600DE4BE8 /* Base */ = {isa = PBXFileReference; lastKnownFileType = file.xib; name = Base; path = Base.lproj/LaunchScreen.xib; sourceTree = "<group>"; };
		18BDE2301A4D59E600DE4BE8 /* 07.UIWindowTests.xctest */ = {isa = PBXFileReference; explicitFileType = wrapper.cfbundle; includeInIndex = 0; path = 07.UIWindowTests.xctest; sourceTree = BUILT_PRODUCTS_DIR; };
		18BDE2351A4D59E600DE4BE8 /* Info.plist */ = {isa = PBXFileReference; lastKnownFileType = text.plist.xml; path = Info.plist; sourceTree = "<group>"; };
		18BDE2361A4D59E600DE4BE8 /* _7_UIWindowTests.m */ = {isa = PBXFileReference; lastKnownFileType = sourcecode.c.objc; path = _7_UIWindowTests.m; sourceTree = "<group>"; };
/* End PBXFileReference section */

/* Begin PBXFrameworksBuildPhase section */
		18BDE2141A4D59E600DE4BE8 /* Frameworks */ = {
			isa = PBXFrameworksBuildPhase;
			buildActionMask = 2147483647;
			files = (
			);
			runOnlyForDeploymentPostprocessing = 0;
		};
		18BDE22D1A4D59E600DE4BE8 /* Frameworks */ = {
			isa = PBXFrameworksBuildPhase;
			buildActionMask = 2147483647;
			files = (
			);
			runOnlyForDeploymentPostprocessing = 0;
		};
/* End PBXFrameworksBuildPhase section */

/* Begin PBXGroup section */
		18BDE20E1A4D59E600DE4BE8 = {
			isa = PBXGroup;
			children = (
				18BDE2191A4D59E600DE4BE8 /* 07.UIWindow */,
				18BDE2331A4D59E600DE4BE8 /* 07.UIWindowTests */,
				18BDE2181A4D59E600DE4BE8 /* Products */,
			);
			sourceTree = "<group>";
		};
		18BDE2181A4D59E600DE4BE8 /* Products */ = {
			isa = PBXGroup;
			children = (
				18BDE2171A4D59E600DE4BE8 /* 07.UIWindow.app */,
				18BDE2301A4D59E600DE4BE8 /* 07.UIWindowTests.xctest */,
			);
			name = Products;
			sourceTree = "<group>";
		};
		18BDE2191A4D59E600DE4BE8 /* 07.UIWindow */ = {
			isa = PBXGroup;
			children = (
				18BDE21E1A4D59E600DE4BE8 /* AppDelegate.h */,
				18BDE21F1A4D59E600DE4BE8 /* AppDelegate.m */,
				18BDE2211A4D59E600DE4BE8 /* ViewController.h */,
				18BDE2221A4D59E600DE4BE8 /* ViewController.m */,
				18BDE2241A4D59E600DE4BE8 /* Main.storyboard */,
				18BDE2271A4D59E600DE4BE8 /* Images.xcassets */,
				18BDE2291A4D59E600DE4BE8 /* LaunchScreen.xib */,
				18BDE21A1A4D59E600DE4BE8 /* Supporting Files */,
			);
			path = 07.UIWindow;
			sourceTree = "<group>";
		};
		18BDE21A1A4D59E600DE4BE8 /* Supporting Files */ = {
			isa = PBXGroup;
			children = (
				18BDE21B1A4D59E600DE4BE8 /* Info.plist */,
				18BDE21C1A4D59E600DE4BE8 /* main.m */,
			);
			name = "Supporting Files";
			sourceTree = "<group>";
		};
		18BDE2331A4D59E600DE4BE8 /* 07.UIWindowTests */ = {
			isa = PBXGroup;
			children = (
				18BDE2361A4D59E600DE4BE8 /* _7_UIWindowTests.m */,
				18BDE2341A4D59E600DE4BE8 /* Supporting Files */,
			);
			path = 07.UIWindowTests;
			sourceTree = "<group>";
		};
		18BDE2341A4D59E600DE4BE8 /* Supporting Files */ = {
			isa = PBXGroup;
			children = (
				18BDE2351A4D59E600DE4BE8 /* Info.plist */,
			);
			name = "Supporting Files";
			sourceTree = "<group>";
		};
/* End PBXGroup section */

/* Begin PBXNativeTarget section */
		18BDE2161A4D59E600DE4BE8 /* 07.UIWindow */ = {
			isa = PBXNativeTarget;
			buildConfigurationList = 18BDE23A1A4D59E600DE4BE8 /* Build configuration list for PBXNativeTarget "07.UIWindow" */;
			buildPhases = (
				18BDE2131A4D59E600DE4BE8 /* Sources */,
				18BDE2141A4D59E600DE4BE8 /* Frameworks */,
				18BDE2151A4D59E600DE4BE8 /* Resources */,
			);
			buildRules = (
			);
			dependencies = (
			);
			name = 07.UIWindow;
			productName = 07.UIWindow;
			productReference = 18BDE2171A4D59E600DE4BE8 /* 07.UIWindow.app */;
			productType = "com.apple.product-type.application";
		};
		18BDE22F1A4D59E600DE4BE8 /* 07.UIWindowTests */ = {
			isa = PBXNativeTarget;
			buildConfigurationList = 18BDE23D1A4D59E600DE4BE8 /* Build configuration list for PBXNativeTarget "07.UIWindowTests" */;
			buildPhases = (
				18BDE22C1A4D59E600DE4BE8 /* Sources */,
				18BDE22D1A4D59E600DE4BE8 /* Frameworks */,
				18BDE22E1A4D59E600DE4BE8 /* Resources */,
			);
			buildRules = (
			);
			dependencies = (
				18BDE2321A4D59E600DE4BE8 /* PBXTargetDependency */,
			);
			name = 07.UIWindowTests;
			productName = 07.UIWindowTests;
			productReference = 18BDE2301A4D59E600DE4BE8 /* 07.UIWindowTests.xctest */;
			productType = "com.apple.product-type.bundle.unit-test";
		};
/* End PBXNativeTarget section */

/* Begin PBXProject section */
		18BDE20F1A4D59E600DE4BE8 /* Project object */ = {
			isa = PBXProject;
			attributes = {
				LastUpgradeCheck = 0610;
				ORGANIZATIONNAME = itcast;
				TargetAttributes = {
					18BDE2161A4D59E600DE4BE8 = {
						CreatedOnToolsVersion = 6.1;
					};
					18BDE22F1A4D59E600DE4BE8 = {
						CreatedOnToolsVersion = 6.1;
						TestTargetID = 18BDE2161A4D59E600DE4BE8;
					};
				};
			};
			buildConfigurationList = 18BDE2121A4D59E600DE4BE8 /* Build configuration list for PBXProject "07.UIWindow" */;
			compatibilityVersion = "Xcode 3.2";
			developmentRegion = English;
			hasScannedForEncodings = 0;
			knownRegions = (
				en,
				Base,
			);
			mainGroup = 18BDE20E1A4D59E600DE4BE8;
			productRefGroup = 18BDE2181A4D59E600DE4BE8 /* Products */;
			projectDirPath = "";
			projectRoot = "";
			targets = (
				18BDE2161A4D59E600DE4BE8 /* 07.UIWindow */,
				18BDE22F1A4D59E600DE4BE8 /* 07.UIWindowTests */,
			);
		};
/* End PBXProject section */

/* Begin PBXResourcesBuildPhase section */
		18BDE2151A4D59E600DE4BE8 /* Resources */ = {
			isa = PBXResourcesBuildPhase;
			buildActionMask = 2147483647;
			files = (
				18BDE2261A4D59E600DE4BE8 /* Main.storyboard in Resources */,
				18BDE22B1A4D59E600DE4BE8 /* LaunchScreen.xib in Resources */,
				18BDE2281A4D59E600DE4BE8 /* Images.xcassets in Resources */,
			);
			runOnlyForDeploymentPostprocessing = 0;
		};
		18BDE22E1A4D59E600DE4BE8 /* Resources */ = {
			isa = PBXResourcesBuildPhase;
			buildActionMask = 2147483647;
			files = (
			);
			runOnlyForDeploymentPostprocessing = 0;
		};
/* End PBXResourcesBuildPhase section */

/* Begin PBXSourcesBuildPhase section */
		18BDE2131A4D59E600DE4BE8 /* Sources */ = {
			isa = PBXSourcesBuildPhase;
			buildActionMask = 2147483647;
			files = (
				18BDE2231A4D59E600DE4BE8 /* ViewController.m in Sources */,
				18BDE2201A4D59E600DE4BE8 /* AppDelegate.m in Sources */,
				18BDE21D1A4D59E600DE4BE8 /* main.m in Sources */,
			);
			runOnlyForDeploymentPostprocessing = 0;
		};
		18BDE22C1A4D59E600DE4BE8 /* Sources */ = {
			isa = PBXSourcesBuildPhase;
			buildActionMask = 2147483647;
			files = (
				18BDE2371A4D59E600DE4BE8 /* _7_UIWindowTests.m in Sources */,
			);
			runOnlyForDeploymentPostprocessing = 0;
		};
/* End PBXSourcesBuildPhase section */

/* Begin PBXTargetDependency section */
		18BDE2321A4D59E600DE4BE8 /* PBXTargetDependency */ = {
			isa = PBXTargetDependency;
			target = 18BDE2161A4D59E600DE4BE8 /* 07.UIWindow */;
			targetProxy = 18BDE2311A4D59E600DE4BE8 /* PBXContainerItemProxy */;
		};
/* End PBXTargetDependency section */

/* Begin PBXVariantGroup section */
		18BDE2241A4D59E600DE4BE8 /* Main.storyboard */ = {
			isa = PBXVariantGroup;
			children = (
				18BDE2251A4D59E600DE4BE8 /* Base */,
			);
			name = Main.storyboard;
			sourceTree = "<group>";
		};
		18BDE2291A4D59E600DE4BE8 /* LaunchScreen.xib */ = {
			isa = PBXVariantGroup;
			children = (
				18BDE22A1A4D59E600DE4BE8 /* Base */,
			);
			name = LaunchScreen.xib;
			sourceTree = "<group>";
		};
/* End PBXVariantGroup section */

/* Begin XCBuildConfiguration section */
		18BDE2381A4D59E600DE4BE8 /* Debug */ = {
			isa = XCBuildConfiguration;
			buildSettings = {
				ALWAYS_SEARCH_USER_PATHS = NO;
				CLANG_CXX_LANGUAGE_STANDARD = "gnu++0x";
				CLANG_CXX_LIBRARY = "libc++";
				CLANG_ENABLE_MODULES = YES;
				CLANG_ENABLE_OBJC_ARC = YES;
				CLANG_WARN_BOOL_CONVERSION = YES;
				CLANG_WARN_CONSTANT_CONVERSION = YES;
				CLANG_WARN_DIRECT_OBJC_ISA_USAGE = YES_ERROR;
				CLANG_WARN_EMPTY_BODY = YES;
				CLANG_WARN_ENUM_CONVERSION = YES;
				CLANG_WARN_INT_CONVERSION = YES;
				CLANG_WARN_OBJC_ROOT_CLASS = YES_ERROR;
				CLANG_WARN_UNREACHABLE_CODE = YES;
				CLANG_WARN__DUPLICATE_METHOD_MATCH = YES;
				"CODE_SIGN_IDENTITY[sdk=iphoneos*]" = "iPhone Developer";
				COPY_PHASE_STRIP = NO;
				ENABLE_STRICT_OBJC_MSGSEND = YES;
				GCC_C_LANGUAGE_STANDARD = gnu99;
				GCC_DYNAMIC_NO_PIC = NO;
				GCC_OPTIMIZATION_LEVEL = 0;
				GCC_PREPROCESSOR_DEFINITIONS = (
					"DEBUG=1",
					"$(inherited)",
				);
				GCC_SYMBOLS_PRIVATE_EXTERN = NO;
				GCC_WARN_64_TO_32_BIT_CONVERSION = YES;
				GCC_WARN_ABOUT_RETURN_TYPE = YES_ERROR;
				GCC_WARN_UNDECLARED_SELECTOR = YES;
				GCC_WARN_UNINITIALIZED_AUTOS = YES_AGGRESSIVE;
				GCC_WARN_UNUSED_FUNCTION = YES;
				GCC_WARN_UNUSED_VARIABLE = YES;
				IPHONEOS_DEPLOYMENT_TARGET = 8.1;
				MTL_ENABLE_DEBUG_INFO = YES;
				ONLY_ACTIVE_ARCH = YES;
				SDKROOT = iphoneos;
			};
			name = Debug;
		};
		18BDE2391A4D59E600DE4BE8 /* Release */ = {
			isa = XCBuildConfiguration;
			buildSettings = {
				ALWAYS_SEARCH_USER_PATHS = NO;
				CLANG_CXX_LANGUAGE_STANDARD = "gnu++0x";
				CLANG_CXX_LIBRARY = "libc++";
				CLANG_ENABLE_MODULES = YES;
				CLANG_ENABLE_OBJC_ARC = YES;
				CLANG_WARN_BOOL_CONVERSION = YES;
				CLANG_WARN_CONSTANT_CONVERSION = YES;
				CLANG_WARN_DIRECT_OBJC_ISA_USAGE = YES_ERROR;
				CLANG_WARN_EMPTY_BODY = YES;
				CLANG_WARN_ENUM_CONVERSION = YES;
				CLANG_WARN_INT_CONVERSION = YES;
				CLANG_WARN_OBJC_ROOT_CLASS = YES_ERROR;
				CLANG_WARN_UNREACHABLE_CODE = YES;
				CLANG_WARN__DUPLICATE_METHOD_MATCH = YES;
				"CODE_SIGN_IDENTITY[sdk=iphoneos*]" = "iPhone Developer";
				COPY_PHASE_STRIP = YES;
				ENABLE_NS_ASSERTIONS = NO;
				ENABLE_STRICT_OBJC_MSGSEND = YES;
				GCC_C_LANGUAGE_STANDARD = gnu99;
				GCC_WARN_64_TO_32_BIT_CONVERSION = YES;
				GCC_WARN_ABOUT_RETURN_TYPE = YES_ERROR;
				GCC_WARN_UNDECLARED_SELECTOR = YES;
				GCC_WARN_UNINITIALIZED_AUTOS = YES_AGGRESSIVE;
				GCC_WARN_UNUSED_FUNCTION = YES;
				GCC_WARN_UNUSED_VARIABLE = YES;
				IPHONEOS_DEPLOYMENT_TARGET = 8.1;
				MTL_ENABLE_DEBUG_INFO = NO;
				SDKROOT = iphoneos;
				VALIDATE_PRODUCT = YES;
			};
			name = Release;
		};
		18BDE23B1A4D59E600DE4BE8 /* Debug */ = {
			isa = XCBuildConfiguration;
			buildSettings = {
				ASSETCATALOG_COMPILER_APPICON_NAME = AppIcon;
				INFOPLIST_FILE = 07.UIWindow/Info.plist;
				LD_RUNPATH_SEARCH_PATHS = "$(inherited) @executable_path/Frameworks";
				PRODUCT_NAME = "$(TARGET_NAME)";
			};
			name = Debug;
		};
		18BDE23C1A4D59E600DE4BE8 /* Release */ = {
			isa = XCBuildConfiguration;
			buildSettings = {
				ASSETCATALOG_COMPILER_APPICON_NAME = AppIcon;
				INFOPLIST_FILE = 07.UIWindow/Info.plist;
				LD_RUNPATH_SEARCH_PATHS = "$(inherited) @executable_path/Frameworks";
				PRODUCT_NAME = "$(TARGET_NAME)";
			};
			name = Release;
		};
		18BDE23E1A4D59E600DE4BE8 /* Debug */ = {
			isa = XCBuildConfiguration;
			buildSettings = {
				BUNDLE_LOADER = "$(TEST_HOST)";
				FRAMEWORK_SEARCH_PATHS = (
					"$(SDKROOT)/Developer/Library/Frameworks",
					"$(inherited)",
				);
				GCC_PREPROCESSOR_DEFINITIONS = (
					"DEBUG=1",
					"$(inherited)",
				);
				INFOPLIST_FILE = 07.UIWindowTests/Info.plist;
				LD_RUNPATH_SEARCH_PATHS = "$(inherited) @executable_path/Frameworks @loader_path/Frameworks";
				PRODUCT_NAME = "$(TARGET_NAME)";
				TEST_HOST = "$(BUILT_PRODUCTS_DIR)/07.UIWindow.app/07.UIWindow";
			};
			name = Debug;
		};
		18BDE23F1A4D59E600DE4BE8 /* Release */ = {
			isa = XCBuildConfiguration;
			buildSettings = {
				BUNDLE_LOADER = "$(TEST_HOST)";
				FRAMEWORK_SEARCH_PATHS = (
					"$(SDKROOT)/Developer/Library/Frameworks",
					"$(inherited)",
				);
				INFOPLIST_FILE = 07.UIWindowTests/Info.plist;
				LD_RUNPATH_SEARCH_PATHS = "$(inherited) @executable_path/Frameworks @loader_path/Frameworks";
				PRODUCT_NAME = "$(TARGET_NAME)";
				TEST_HOST = "$(BUILT_PRODUCTS_DIR)/07.UIWindow.app/07.UIWindow";
			};
			name = Release;
		};
/* End XCBuildConfiguration section */

/* Begin XCConfigurationList section */
		18BDE2121A4D59E600DE4BE8 /* Build configuration list for PBXProject "07.UIWindow" */ = {
			isa = XCConfigurationList;
			buildConfigurations = (
				18BDE2381A4D59E600DE4BE8 /* Debug */,
				18BDE2391A4D59E600DE4BE8 /* Release */,
			);
			defaultConfigurationIsVisible = 0;
			defaultConfigurationName = Release;
		};
		18BDE23A1A4D59E600DE4BE8 /* Build configuration list for PBXNativeTarget "07.UIWindow" */ = {
			isa = XCConfigurationList;
			buildConfigurations = (
				18BDE23B1A4D59E600DE4BE8 /* Debug */,
				18BDE23C1A4D59E600DE4BE8 /* Release */,
			);
			defaultConfigurationIsVisible = 0;
		};
		18BDE23D1A4D59E600DE4BE8 /* Build configuration list for PBXNativeTarget "07.UIWindowTests" */ = {
			isa = XCConfigurationList;
			buildConfigurations = (
				18BDE23E1A4D59E600DE4BE8 /* Debug */,
				18BDE23F1A4D59E600DE4BE8 /* Release */,
			);
			defaultConfigurationIsVisible = 0;
		};
/* End XCConfigurationList section */
	};
	rootObject = 18BDE20F1A4D59E600DE4BE8 /* Project object */;
}
