// !$*UTF8*$!
{
	archiveVersion = 1;
	classes = {
	};
	objectVersion = 46;
	objects = {

/* Begin PBXBuildFile section */
		18BDE17B1A4D350400DE4BE8 /* main.m in Sources */ = {isa = PBXBuildFile; fileRef = 18BDE17A1A4D350400DE4BE8 /* main.m */; };
		18BDE17E1A4D350400DE4BE8 /* AppDelegate.m in Sources */ = {isa = PBXBuildFile; fileRef = 18BDE17D1A4D350400DE4BE8 /* AppDelegate.m */; };
		18BDE1811A4D350400DE4BE8 /* ViewController.m in Sources */ = {isa = PBXBuildFile; fileRef = 18BDE1801A4D350400DE4BE8 /* ViewController.m */; };
		18BDE1841A4D350400DE4BE8 /* Main.storyboard in Resources */ = {isa = PBXBuildFile; fileRef = 18BDE1821A4D350400DE4BE8 /* Main.storyboard */; };
		18BDE1861A4D350400DE4BE8 /* Images.xcassets in Resources */ = {isa = PBXBuildFile; fileRef = 18BDE1851A4D350400DE4BE8 /* Images.xcassets */; };
		18BDE1891A4D350400DE4BE8 /* LaunchScreen.xib in Resources */ = {isa = PBXBuildFile; fileRef = 18BDE1871A4D350400DE4BE8 /* LaunchScreen.xib */; };
		18BDE1951A4D350400DE4BE8 /* _4_DatePicker______Tests.m in Sources */ = {isa = PBXBuildFile; fileRef = 18BDE1941A4D350400DE4BE8 /* _4_DatePicker______Tests.m */; };
		18BDE1A01A4D3A7A00DE4BE8 /* CZKeyboardToolbar.m in Sources */ = {isa = PBXBuildFile; fileRef = 18BDE19F1A4D3A7A00DE4BE8 /* CZKeyboardToolbar.m */; };
		18BDE1A21A4D3A9100DE4BE8 /* CZKeyboardToolbar.xib in Resources */ = {isa = PBXBuildFile; fileRef = 18BDE1A11A4D3A9100DE4BE8 /* CZKeyboardToolbar.xib */; };
/* End PBXBuildFile section */

/* Begin PBXContainerItemProxy section */
		18BDE18F1A4D350400DE4BE8 /* PBXContainerItemProxy */ = {
			isa = PBXContainerItemProxy;
			containerPortal = 18BDE16D1A4D350400DE4BE8 /* Project object */;
			proxyType = 1;
			remoteGlobalIDString = 18BDE1741A4D350400DE4BE8;
			remoteInfo = "04.DatePicker(键盘处理)";
		};
/* End PBXContainerItemProxy section */

/* Begin PBXFileReference section */
		18BDE1751A4D350400DE4BE8 /* 04.DatePicker(键盘处理).app */ = {isa = PBXFileReference; explicitFileType = wrapper.application; includeInIndex = 0; path = "04.DatePicker(键盘处理).app"; sourceTree = BUILT_PRODUCTS_DIR; };
		18BDE1791A4D350400DE4BE8 /* Info.plist */ = {isa = PBXFileReference; lastKnownFileType = text.plist.xml; path = Info.plist; sourceTree = "<group>"; };
		18BDE17A1A4D350400DE4BE8 /* main.m */ = {isa = PBXFileReference; lastKnownFileType = sourcecode.c.objc; path = main.m; sourceTree = "<group>"; };
		18BDE17C1A4D350400DE4BE8 /* AppDelegate.h */ = {isa = PBXFileReference; lastKnownFileType = sourcecode.c.h; path = AppDelegate.h; sourceTree = "<group>"; };
		18BDE17D1A4D350400DE4BE8 /* AppDelegate.m */ = {isa = PBXFileReference; lastKnownFileType = sourcecode.c.objc; path = AppDelegate.m; sourceTree = "<group>"; };
		18BDE17F1A4D350400DE4BE8 /* ViewController.h */ = {isa = PBXFileReference; lastKnownFileType = sourcecode.c.h; path = ViewController.h; sourceTree = "<group>"; };
		18BDE1801A4D350400DE4BE8 /* ViewController.m */ = {isa = PBXFileReference; lastKnownFileType = sourcecode.c.objc; path = ViewController.m; sourceTree = "<group>"; };
		18BDE1831A4D350400DE4BE8 /* Base */ = {isa = PBXFileReference; lastKnownFileType = file.storyboard; name = Base; path = Base.lproj/Main.storyboard; sourceTree = "<group>"; };
		18BDE1851A4D350400DE4BE8 /* Images.xcassets */ = {isa = PBXFileReference; lastKnownFileType = folder.assetcatalog; path = Images.xcassets; sourceTree = "<group>"; };
		18BDE1881A4D350400DE4BE8 /* Base */ = {isa = PBXFileReference; lastKnownFileType = file.xib; name = Base; path = Base.lproj/LaunchScreen.xib; sourceTree = "<group>"; };
		18BDE18E1A4D350400DE4BE8 /* 04.DatePicker(键盘处理)Tests.xctest */ = {isa = PBXFileReference; explicitFileType = wrapper.cfbundle; includeInIndex = 0; path = "04.DatePicker(键盘处理)Tests.xctest"; sourceTree = BUILT_PRODUCTS_DIR; };
		18BDE1931A4D350400DE4BE8 /* Info.plist */ = {isa = PBXFileReference; lastKnownFileType = text.plist.xml; path = Info.plist; sourceTree = "<group>"; };
		18BDE1941A4D350400DE4BE8 /* _4_DatePicker______Tests.m */ = {isa = PBXFileReference; lastKnownFileType = sourcecode.c.objc; path = "_4_DatePicker______Tests.m"; sourceTree = "<group>"; };
		18BDE19E1A4D3A7A00DE4BE8 /* CZKeyboardToolbar.h */ = {isa = PBXFileReference; fileEncoding = 4; lastKnownFileType = sourcecode.c.h; path = CZKeyboardToolbar.h; sourceTree = "<group>"; };
		18BDE19F1A4D3A7A00DE4BE8 /* CZKeyboardToolbar.m */ = {isa = PBXFileReference; fileEncoding = 4; lastKnownFileType = sourcecode.c.objc; path = CZKeyboardToolbar.m; sourceTree = "<group>"; };
		18BDE1A11A4D3A9100DE4BE8 /* CZKeyboardToolbar.xib */ = {isa = PBXFileReference; fileEncoding = 4; lastKnownFileType = file.xib; path = CZKeyboardToolbar.xib; sourceTree = "<group>"; };
/* End PBXFileReference section */

/* Begin PBXFrameworksBuildPhase section */
		18BDE1721A4D350400DE4BE8 /* Frameworks */ = {
			isa = PBXFrameworksBuildPhase;
			buildActionMask = 2147483647;
			files = (
			);
			runOnlyForDeploymentPostprocessing = 0;
		};
		18BDE18B1A4D350400DE4BE8 /* Frameworks */ = {
			isa = PBXFrameworksBuildPhase;
			buildActionMask = 2147483647;
			files = (
			);
			runOnlyForDeploymentPostprocessing = 0;
		};
/* End PBXFrameworksBuildPhase section */

/* Begin PBXGroup section */
		18BDE16C1A4D350400DE4BE8 = {
			isa = PBXGroup;
			children = (
				18BDE1771A4D350400DE4BE8 /* 04.DatePicker(键盘处理) */,
				18BDE1911A4D350400DE4BE8 /* 04.DatePicker(键盘处理)Tests */,
				18BDE1761A4D350400DE4BE8 /* Products */,
			);
			sourceTree = "<group>";
		};
		18BDE1761A4D350400DE4BE8 /* Products */ = {
			isa = PBXGroup;
			children = (
				18BDE1751A4D350400DE4BE8 /* 04.DatePicker(键盘处理).app */,
				18BDE18E1A4D350400DE4BE8 /* 04.DatePicker(键盘处理)Tests.xctest */,
			);
			name = Products;
			sourceTree = "<group>";
		};
		18BDE1771A4D350400DE4BE8 /* 04.DatePicker(键盘处理) */ = {
			isa = PBXGroup;
			children = (
				18BDE17C1A4D350400DE4BE8 /* AppDelegate.h */,
				18BDE17D1A4D350400DE4BE8 /* AppDelegate.m */,
				18BDE17F1A4D350400DE4BE8 /* ViewController.h */,
				18BDE1801A4D350400DE4BE8 /* ViewController.m */,
				18BDE1821A4D350400DE4BE8 /* Main.storyboard */,
				18BDE1851A4D350400DE4BE8 /* Images.xcassets */,
				18BDE1871A4D350400DE4BE8 /* LaunchScreen.xib */,
				18BDE1781A4D350400DE4BE8 /* Supporting Files */,
				18BDE19E1A4D3A7A00DE4BE8 /* CZKeyboardToolbar.h */,
				18BDE19F1A4D3A7A00DE4BE8 /* CZKeyboardToolbar.m */,
				18BDE1A11A4D3A9100DE4BE8 /* CZKeyboardToolbar.xib */,
			);
			path = "04.DatePicker(键盘处理)";
			sourceTree = "<group>";
		};
		18BDE1781A4D350400DE4BE8 /* Supporting Files */ = {
			isa = PBXGroup;
			children = (
				18BDE1791A4D350400DE4BE8 /* Info.plist */,
				18BDE17A1A4D350400DE4BE8 /* main.m */,
			);
			name = "Supporting Files";
			sourceTree = "<group>";
		};
		18BDE1911A4D350400DE4BE8 /* 04.DatePicker(键盘处理)Tests */ = {
			isa = PBXGroup;
			children = (
				18BDE1941A4D350400DE4BE8 /* _4_DatePicker______Tests.m */,
				18BDE1921A4D350400DE4BE8 /* Supporting Files */,
			);
			path = "04.DatePicker(键盘处理)Tests";
			sourceTree = "<group>";
		};
		18BDE1921A4D350400DE4BE8 /* Supporting Files */ = {
			isa = PBXGroup;
			children = (
				18BDE1931A4D350400DE4BE8 /* Info.plist */,
			);
			name = "Supporting Files";
			sourceTree = "<group>";
		};
/* End PBXGroup section */

/* Begin PBXNativeTarget section */
		18BDE1741A4D350400DE4BE8 /* 04.DatePicker(键盘处理) */ = {
			isa = PBXNativeTarget;
			buildConfigurationList = 18BDE1981A4D350400DE4BE8 /* Build configuration list for PBXNativeTarget "04.DatePicker(键盘处理)" */;
			buildPhases = (
				18BDE1711A4D350400DE4BE8 /* Sources */,
				18BDE1721A4D350400DE4BE8 /* Frameworks */,
				18BDE1731A4D350400DE4BE8 /* Resources */,
			);
			buildRules = (
			);
			dependencies = (
			);
			name = "04.DatePicker(键盘处理)";
			productName = "04.DatePicker(键盘处理)";
			productReference = 18BDE1751A4D350400DE4BE8 /* 04.DatePicker(键盘处理).app */;
			productType = "com.apple.product-type.application";
		};
		18BDE18D1A4D350400DE4BE8 /* 04.DatePicker(键盘处理)Tests */ = {
			isa = PBXNativeTarget;
			buildConfigurationList = 18BDE19B1A4D350400DE4BE8 /* Build configuration list for PBXNativeTarget "04.DatePicker(键盘处理)Tests" */;
			buildPhases = (
				18BDE18A1A4D350400DE4BE8 /* Sources */,
				18BDE18B1A4D350400DE4BE8 /* Frameworks */,
				18BDE18C1A4D350400DE4BE8 /* Resources */,
			);
			buildRules = (
			);
			dependencies = (
				18BDE1901A4D350400DE4BE8 /* PBXTargetDependency */,
			);
			name = "04.DatePicker(键盘处理)Tests";
			productName = "04.DatePicker(键盘处理)Tests";
			productReference = 18BDE18E1A4D350400DE4BE8 /* 04.DatePicker(键盘处理)Tests.xctest */;
			productType = "com.apple.product-type.bundle.unit-test";
		};
/* End PBXNativeTarget section */

/* Begin PBXProject section */
		18BDE16D1A4D350400DE4BE8 /* Project object */ = {
			isa = PBXProject;
			attributes = {
				LastUpgradeCheck = 0610;
				ORGANIZATIONNAME = itcast;
				TargetAttributes = {
					18BDE1741A4D350400DE4BE8 = {
						CreatedOnToolsVersion = 6.1;
					};
					18BDE18D1A4D350400DE4BE8 = {
						CreatedOnToolsVersion = 6.1;
						TestTargetID = 18BDE1741A4D350400DE4BE8;
					};
				};
			};
			buildConfigurationList = 18BDE1701A4D350400DE4BE8 /* Build configuration list for PBXProject "04.DatePicker(键盘处理)" */;
			compatibilityVersion = "Xcode 3.2";
			developmentRegion = English;
			hasScannedForEncodings = 0;
			knownRegions = (
				en,
				Base,
			);
			mainGroup = 18BDE16C1A4D350400DE4BE8;
			productRefGroup = 18BDE1761A4D350400DE4BE8 /* Products */;
			projectDirPath = "";
			projectRoot = "";
			targets = (
				18BDE1741A4D350400DE4BE8 /* 04.DatePicker(键盘处理) */,
				18BDE18D1A4D350400DE4BE8 /* 04.DatePicker(键盘处理)Tests */,
			);
		};
/* End PBXProject section */

/* Begin PBXResourcesBuildPhase section */
		18BDE1731A4D350400DE4BE8 /* Resources */ = {
			isa = PBXResourcesBuildPhase;
			buildActionMask = 2147483647;
			files = (
				18BDE1841A4D350400DE4BE8 /* Main.storyboard in Resources */,
				18BDE1891A4D350400DE4BE8 /* LaunchScreen.xib in Resources */,
				18BDE1861A4D350400DE4BE8 /* Images.xcassets in Resources */,
				18BDE1A21A4D3A9100DE4BE8 /* CZKeyboardToolbar.xib in Resources */,
			);
			runOnlyForDeploymentPostprocessing = 0;
		};
		18BDE18C1A4D350400DE4BE8 /* Resources */ = {
			isa = PBXResourcesBuildPhase;
			buildActionMask = 2147483647;
			files = (
			);
			runOnlyForDeploymentPostprocessing = 0;
		};
/* End PBXResourcesBuildPhase section */

/* Begin PBXSourcesBuildPhase section */
		18BDE1711A4D350400DE4BE8 /* Sources */ = {
			isa = PBXSourcesBuildPhase;
			buildActionMask = 2147483647;
			files = (
				18BDE1811A4D350400DE4BE8 /* ViewController.m in Sources */,
				18BDE17E1A4D350400DE4BE8 /* AppDelegate.m in Sources */,
				18BDE17B1A4D350400DE4BE8 /* main.m in Sources */,
				18BDE1A01A4D3A7A00DE4BE8 /* CZKeyboardToolbar.m in Sources */,
			);
			runOnlyForDeploymentPostprocessing = 0;
		};
		18BDE18A1A4D350400DE4BE8 /* Sources */ = {
			isa = PBXSourcesBuildPhase;
			buildActionMask = 2147483647;
			files = (
				18BDE1951A4D350400DE4BE8 /* _4_DatePicker______Tests.m in Sources */,
			);
			runOnlyForDeploymentPostprocessing = 0;
		};
/* End PBXSourcesBuildPhase section */

/* Begin PBXTargetDependency section */
		18BDE1901A4D350400DE4BE8 /* PBXTargetDependency */ = {
			isa = PBXTargetDependency;
			target = 18BDE1741A4D350400DE4BE8 /* 04.DatePicker(键盘处理) */;
			targetProxy = 18BDE18F1A4D350400DE4BE8 /* PBXContainerItemProxy */;
		};
/* End PBXTargetDependency section */

/* Begin PBXVariantGroup section */
		18BDE1821A4D350400DE4BE8 /* Main.storyboard */ = {
			isa = PBXVariantGroup;
			children = (
				18BDE1831A4D350400DE4BE8 /* Base */,
			);
			name = Main.storyboard;
			sourceTree = "<group>";
		};
		18BDE1871A4D350400DE4BE8 /* LaunchScreen.xib */ = {
			isa = PBXVariantGroup;
			children = (
				18BDE1881A4D350400DE4BE8 /* Base */,
			);
			name = LaunchScreen.xib;
			sourceTree = "<group>";
		};
/* End PBXVariantGroup section */

/* Begin XCBuildConfiguration section */
		18BDE1961A4D350400DE4BE8 /* Debug */ = {
			isa = XCBuildConfiguration;
			buildSettings = {
				ALWAYS_SEARCH_USER_PATHS = NO;
				CLANG_CXX_LANGUAGE_STANDARD = "gnu++0x";
				CLANG_CXX_LIBRARY = "libc++";
				CLANG_ENABLE_MODULES = YES;
				CLANG_ENABLE_OBJC_ARC = YES;
				CLANG_WARN_BOOL_CONVERSION = YES;
				CLANG_WARN_CONSTANT_CONVERSION = YES;
				CLANG_WARN_DIRECT_OBJC_ISA_USAGE = YES_ERROR;
				CLANG_WARN_EMPTY_BODY = YES;
				CLANG_WARN_ENUM_CONVERSION = YES;
				CLANG_WARN_INT_CONVERSION = YES;
				CLANG_WARN_OBJC_ROOT_CLASS = YES_ERROR;
				CLANG_WARN_UNREACHABLE_CODE = YES;
				CLANG_WARN__DUPLICATE_METHOD_MATCH = YES;
				"CODE_SIGN_IDENTITY[sdk=iphoneos*]" = "iPhone Developer";
				COPY_PHASE_STRIP = NO;
				ENABLE_STRICT_OBJC_MSGSEND = YES;
				GCC_C_LANGUAGE_STANDARD = gnu99;
				GCC_DYNAMIC_NO_PIC = NO;
				GCC_OPTIMIZATION_LEVEL = 0;
				GCC_PREPROCESSOR_DEFINITIONS = (
					"DEBUG=1",
					"$(inherited)",
				);
				GCC_SYMBOLS_PRIVATE_EXTERN = NO;
				GCC_WARN_64_TO_32_BIT_CONVERSION = YES;
				GCC_WARN_ABOUT_RETURN_TYPE = YES_ERROR;
				GCC_WARN_UNDECLARED_SELECTOR = YES;
				GCC_WARN_UNINITIALIZED_AUTOS = YES_AGGRESSIVE;
				GCC_WARN_UNUSED_FUNCTION = YES;
				GCC_WARN_UNUSED_VARIABLE = YES;
				IPHONEOS_DEPLOYMENT_TARGET = 8.1;
				MTL_ENABLE_DEBUG_INFO = YES;
				ONLY_ACTIVE_ARCH = YES;
				SDKROOT = iphoneos;
			};
			name = Debug;
		};
		18BDE1971A4D350400DE4BE8 /* Release */ = {
			isa = XCBuildConfiguration;
			buildSettings = {
				ALWAYS_SEARCH_USER_PATHS = NO;
				CLANG_CXX_LANGUAGE_STANDARD = "gnu++0x";
				CLANG_CXX_LIBRARY = "libc++";
				CLANG_ENABLE_MODULES = YES;
				CLANG_ENABLE_OBJC_ARC = YES;
				CLANG_WARN_BOOL_CONVERSION = YES;
				CLANG_WARN_CONSTANT_CONVERSION = YES;
				CLANG_WARN_DIRECT_OBJC_ISA_USAGE = YES_ERROR;
				CLANG_WARN_EMPTY_BODY = YES;
				CLANG_WARN_ENUM_CONVERSION = YES;
				CLANG_WARN_INT_CONVERSION = YES;
				CLANG_WARN_OBJC_ROOT_CLASS = YES_ERROR;
				CLANG_WARN_UNREACHABLE_CODE = YES;
				CLANG_WARN__DUPLICATE_METHOD_MATCH = YES;
				"CODE_SIGN_IDENTITY[sdk=iphoneos*]" = "iPhone Developer";
				COPY_PHASE_STRIP = YES;
				ENABLE_NS_ASSERTIONS = NO;
				ENABLE_STRICT_OBJC_MSGSEND = YES;
				GCC_C_LANGUAGE_STANDARD = gnu99;
				GCC_WARN_64_TO_32_BIT_CONVERSION = YES;
				GCC_WARN_ABOUT_RETURN_TYPE = YES_ERROR;
				GCC_WARN_UNDECLARED_SELECTOR = YES;
				GCC_WARN_UNINITIALIZED_AUTOS = YES_AGGRESSIVE;
				GCC_WARN_UNUSED_FUNCTION = YES;
				GCC_WARN_UNUSED_VARIABLE = YES;
				IPHONEOS_DEPLOYMENT_TARGET = 8.1;
				MTL_ENABLE_DEBUG_INFO = NO;
				SDKROOT = iphoneos;
				VALIDATE_PRODUCT = YES;
			};
			name = Release;
		};
		18BDE1991A4D350400DE4BE8 /* Debug */ = {
			isa = XCBuildConfiguration;
			buildSettings = {
				ASSETCATALOG_COMPILER_APPICON_NAME = AppIcon;
				INFOPLIST_FILE = "04.DatePicker(键盘处理)/Info.plist";
				LD_RUNPATH_SEARCH_PATHS = "$(inherited) @executable_path/Frameworks";
				PRODUCT_NAME = "$(TARGET_NAME)";
			};
			name = Debug;
		};
		18BDE19A1A4D350400DE4BE8 /* Release */ = {
			isa = XCBuildConfiguration;
			buildSettings = {
				ASSETCATALOG_COMPILER_APPICON_NAME = AppIcon;
				INFOPLIST_FILE = "04.DatePicker(键盘处理)/Info.plist";
				LD_RUNPATH_SEARCH_PATHS = "$(inherited) @executable_path/Frameworks";
				PRODUCT_NAME = "$(TARGET_NAME)";
			};
			name = Release;
		};
		18BDE19C1A4D350400DE4BE8 /* Debug */ = {
			isa = XCBuildConfiguration;
			buildSettings = {
				BUNDLE_LOADER = "$(TEST_HOST)";
				FRAMEWORK_SEARCH_PATHS = (
					"$(SDKROOT)/Developer/Library/Frameworks",
					"$(inherited)",
				);
				GCC_PREPROCESSOR_DEFINITIONS = (
					"DEBUG=1",
					"$(inherited)",
				);
				INFOPLIST_FILE = "04.DatePicker(键盘处理)Tests/Info.plist";
				LD_RUNPATH_SEARCH_PATHS = "$(inherited) @executable_path/Frameworks @loader_path/Frameworks";
				PRODUCT_NAME = "$(TARGET_NAME)";
				TEST_HOST = "$(BUILT_PRODUCTS_DIR)/04.DatePicker(键盘处理).app/04.DatePicker(键盘处理)";
			};
			name = Debug;
		};
		18BDE19D1A4D350400DE4BE8 /* Release */ = {
			isa = XCBuildConfiguration;
			buildSettings = {
				BUNDLE_LOADER = "$(TEST_HOST)";
				FRAMEWORK_SEARCH_PATHS = (
					"$(SDKROOT)/Developer/Library/Frameworks",
					"$(inherited)",
				);
				INFOPLIST_FILE = "04.DatePicker(键盘处理)Tests/Info.plist";
				LD_RUNPATH_SEARCH_PATHS = "$(inherited) @executable_path/Frameworks @loader_path/Frameworks";
				PRODUCT_NAME = "$(TARGET_NAME)";
				TEST_HOST = "$(BUILT_PRODUCTS_DIR)/04.DatePicker(键盘处理).app/04.DatePicker(键盘处理)";
			};
			name = Release;
		};
/* End XCBuildConfiguration section */

/* Begin XCConfigurationList section */
		18BDE1701A4D350400DE4BE8 /* Build configuration list for PBXProject "04.DatePicker(键盘处理)" */ = {
			isa = XCConfigurationList;
			buildConfigurations = (
				18BDE1961A4D350400DE4BE8 /* Debug */,
				18BDE1971A4D350400DE4BE8 /* Release */,
			);
			defaultConfigurationIsVisible = 0;
			defaultConfigurationName = Release;
		};
		18BDE1981A4D350400DE4BE8 /* Build configuration list for PBXNativeTarget "04.DatePicker(键盘处理)" */ = {
			isa = XCConfigurationList;
			buildConfigurations = (
				18BDE1991A4D350400DE4BE8 /* Debug */,
				18BDE19A1A4D350400DE4BE8 /* Release */,
			);
			defaultConfigurationIsVisible = 0;
		};
		18BDE19B1A4D350400DE4BE8 /* Build configuration list for PBXNativeTarget "04.DatePicker(键盘处理)Tests" */ = {
			isa = XCConfigurationList;
			buildConfigurations = (
				18BDE19C1A4D350400DE4BE8 /* Debug */,
				18BDE19D1A4D350400DE4BE8 /* Release */,
			);
			defaultConfigurationIsVisible = 0;
		};
/* End XCConfigurationList section */
	};
	rootObject = 18BDE16D1A4D350400DE4BE8 /* Project object */;
}
